
Microsoft Visual Studio Solution File, Format Version 10.00
# Visual Studio 2008
Project("{6989167D-11E4-40FE-8C1A-2192A86A7E90}") = "generator_servo", "generator_servo.vfproj", "{C3DAC6E4-340E-4105-9CC3-D1560C1EDDD8}"
EndProject
Global
	GlobalSection(SolutionConfigurationPlatforms) = preSolution
		Debug|Win32 = Debug|Win32
		Release|Win32 = Release|Win32
	EndGlobalSection
	GlobalSection(ProjectConfigurationPlatforms) = postSolution
		{C3DAC6E4-340E-4105-9CC3-D1560C1EDDD8}.Debug|Win32.ActiveCfg = Debug|Win32
		{C3DAC6E4-340E-4105-9CC3-D1560C1EDDD8}.Debug|Win32.Build.0 = Debug|Win32
		{C3DAC6E4-340E-4105-9CC3-D1560C1EDDD8}.Release|Win32.ActiveCfg = Release|Win32
		{C3DAC6E4-340E-4105-9CC3-D1560C1EDDD8}.Release|Win32.Build.0 = Release|Win32
	EndGlobalSection
	GlobalSection(SolutionProperties) = preSolution
		HideSolutionNode = FALSE
	EndGlobalSection
EndGlobal
